
Microsoft Visual Studio Solution File, Format Version 12.00
# Visual Studio Version 16
VisualStudioVersion = 16.0.31129.286
MinimumVisualStudioVersion = 10.0.40219.1
Project("{FAE04EC0-301F-11D3-BF4B-00C04F79EFBC}") = "RocketSite.Web", "..\RocketSite.Web\RocketSite.Web.csproj", "{C5C633D9-EEDC-426E-8AE3-1C88D9FF6983}"
EndProject
Project("{FAE04EC0-301F-11D3-BF4B-00C04F79EFBC}") = "RocketSite.Common", "..\RocketSite.Common\RocketSite.Common.csproj", "{97FCD116-D015-4061-8462-F1EBD9BA36DD}"
EndProject
Global
	GlobalSection(SolutionConfigurationPlatforms) = preSolution
		Debug|Any CPU = Debug|Any CPU
		Release|Any CPU = Release|Any CPU
	EndGlobalSection
	GlobalSection(ProjectConfigurationPlatforms) = postSolution
		{C5C633D9-EEDC-426E-8AE3-1C88D9FF6983}.Debug|Any CPU.ActiveCfg = Debug|Any CPU
		{C5C633D9-EEDC-426E-8AE3-1C88D9FF6983}.Debug|Any CPU.Build.0 = Debug|Any CPU
		{C5C633D9-EEDC-426E-8AE3-1C88D9FF6983}.Release|Any CPU.ActiveCfg = Release|Any CPU
		{C5C633D9-EEDC-426E-8AE3-1C88D9FF6983}.Release|Any CPU.Build.0 = Release|Any CPU
		{97FCD116-D015-4061-8462-F1EBD9BA36DD}.Debug|Any CPU.ActiveCfg = Debug|Any CPU
		{97FCD116-D015-4061-8462-F1EBD9BA36DD}.Debug|Any CPU.Build.0 = Debug|Any CPU
		{97FCD116-D015-4061-8462-F1EBD9BA36DD}.Release|Any CPU.ActiveCfg = Release|Any CPU
		{97FCD116-D015-4061-8462-F1EBD9BA36DD}.Release|Any CPU.Build.0 = Release|Any CPU
	EndGlobalSection
	GlobalSection(SolutionProperties) = preSolution
		HideSolutionNode = FALSE
	EndGlobalSection
	GlobalSection(ExtensibilityGlobals) = postSolution
		SolutionGuid = {4D688174-88E9-40FF-9D0A-F48C1B0AFB9B}
	EndGlobalSection
EndGlobal
